
Microsoft Visual Studio Solution File, Format Version 12.00
# Visual Studio Version 17
VisualStudioVersion = 17.9.34616.47
MinimumVisualStudioVersion = 10.0.40219.1
Project("{FAE04EC0-301F-11D3-BF4B-00C04F79EFBC}") = "ClothesWebNET", "ClothesWebNET\ClothesWebNET.csproj", "{6B8BA798-A23D-4DB1-AAB6-1313450A427E}"
EndProject
Global
	GlobalSection(SolutionConfigurationPlatforms) = preSolution
		Debug|Any CPU = Debug|Any CPU
		Release|Any CPU = Release|Any CPU
	EndGlobalSection
	GlobalSection(ProjectConfigurationPlatforms) = postSolution
		{6B8BA798-A23D-4DB1-AAB6-1313450A427E}.Debug|Any CPU.ActiveCfg = Debug|Any CPU
		{6B8BA798-A23D-4DB1-AAB6-1313450A427E}.Debug|Any CPU.Build.0 = Debug|Any CPU
		{6B8BA798-A23D-4DB1-AAB6-1313450A427E}.Release|Any CPU.ActiveCfg = Release|Any CPU
		{6B8BA798-A23D-4DB1-AAB6-1313450A427E}.Release|Any CPU.Build.0 = Release|Any CPU
	EndGlobalSection
	GlobalSection(SolutionProperties) = preSolution
		HideSolutionNode = FALSE
	EndGlobalSection
	GlobalSection(ExtensibilityGlobals) = postSolution
		SolutionGuid = {52F4A67E-8BB3-4A64-A780-A36E1D3C76C7}
	EndGlobalSection
EndGlobal
